
Microsoft Visual Studio Solution File, Format Version 12.00
# Visual Studio Version 17
VisualStudioVersion = 17.2.33829.164
MinimumVisualStudioVersion = 10.0.40219.1
Project("{FAE04EC0-301F-11D3-BF4B-00C04F79EFBC}") = "BinaryTreeInorderTraversalCsharp", "BinaryTreeInorderTraversalCsharp.csproj", "{74A8F327-E2D2-46C0-BF54-237303D33B7E}"
EndProject
Global
	GlobalSection(SolutionConfigurationPlatforms) = preSolution
		Debug|Any CPU = Debug|Any CPU
		Release|Any CPU = Release|Any CPU
	EndGlobalSection
	GlobalSection(ProjectConfigurationPlatforms) = postSolution
		{74A8F327-E2D2-46C0-BF54-237303D33B7E}.Debug|Any CPU.ActiveCfg = Debug|Any CPU
		{74A8F327-E2D2-46C0-BF54-237303D33B7E}.Debug|Any CPU.Build.0 = Debug|Any CPU
		{74A8F327-E2D2-46C0-BF54-237303D33B7E}.Release|Any CPU.ActiveCfg = Release|Any CPU
		{74A8F327-E2D2-46C0-BF54-237303D33B7E}.Release|Any CPU.Build.0 = Release|Any CPU
	EndGlobalSection
	GlobalSection(SolutionProperties) = preSolution
		HideSolutionNode = FALSE
	EndGlobalSection
	GlobalSection(ExtensibilityGlobals) = postSolution
		SolutionGuid = {B83DC8F7-AB7A-4BBD-837F-70035BBF4E3A}
	EndGlobalSection
EndGlobal
